
Microsoft Visual Studio Solution File, Format Version 12.00
# Visual Studio Version 18
VisualStudioVersion = 18.2.11415.280
MinimumVisualStudioVersion = 10.0.40219.1
Project("{FAE04EC0-301F-11D3-BF4B-00C04F79EFBC}") = "MoneyMindManager.UI", "MoneyMindManager.UI.csproj", "{F453BF16-D51A-4E57-BCC5-DEA98DBE47DF}"
EndProject
Project("{FAE04EC0-301F-11D3-BF4B-00C04F79EFBC}") = "MoneyMindManager.Domain", "..\MoneyMindManager.Domain\MoneyMindManager.Domain.csproj", "{C65BF29E-4BDA-4B9A-906A-5C87B5B2A1E3}"
EndProject
Project("{FAE04EC0-301F-11D3-BF4B-00C04F79EFBC}") = "MoneyMindManager.Application", "..\MoneyMindManager.Application\MoneyMindManager.Application.csproj", "{84682969-071D-4577-A41D-0DF818096ADD}"
EndProject
Project("{FAE04EC0-301F-11D3-BF4B-00C04F79EFBC}") = "MoneyMindManager.Infrastructure", "..\MoneyMindManager.Infrastructure\MoneyMindManager.Infrastructure.csproj", "{CD00A8D1-6BFA-4E50-AC25-29C1EDF84D45}"
EndProject
Project("{FAE04EC0-301F-11D3-BF4B-00C04F79EFBC}") = "MoneyMindManager.APIClient", "..\MoneyMindManager.APIClient\MoneyMindManager.APIClient.csproj", "{0BABE5CA-52AF-4906-B36E-6CD4AB1CA4FC}"
EndProject
Project("{FAE04EC0-301F-11D3-BF4B-00C04F79EFBC}") = "MoneyMindManager.Client.Abstractions", "..\MoneyMindManager.Client.Abstractions\MoneyMindManager.Client.Abstractions.csproj", "{869F3547-B42C-4E06-B177-41A654FDFF63}"
EndProject
Project("{FAE04EC0-301F-11D3-BF4B-00C04F79EFBC}") = "MoneyMindManager.Shared.DTOs", "..\MoneyMindManager.Shared.DTOs\MoneyMindManager.Shared.DTOs.csproj", "{E91F0830-3641-4E5E-8486-5C2878937C17}"
EndProject
Project("{FAE04EC0-301F-11D3-BF4B-00C04F79EFBC}") = "MoneyMindManager.Core", "..\MoneyMindManager.Core\MoneyMindManager.Core.csproj", "{207ACF87-B108-4CE1-AC9E-F7DD5273A7CC}"
EndProject
Project("{FAE04EC0-301F-11D3-BF4B-00C04F79EFBC}") = "KhaledUtils", "..\KhaledUtils\KhaledUtils.csproj", "{58E95FDE-4001-4EEF-B5C8-0970D0A00EF9}"
EndProject
Project("{FAE04EC0-301F-11D3-BF4B-00C04F79EFBC}") = "MoneyMindManager.IoC", "..\MoneyMindManager.IoC\MoneyMindManager.IoC.csproj", "{DAE18A20-D2D0-4C6C-AA4B-2B6B2A08D35E}"
EndProject
Global
	GlobalSection(SolutionConfigurationPlatforms) = preSolution
		Debug|Any CPU = Debug|Any CPU
		Release|Any CPU = Release|Any CPU
	EndGlobalSection
	GlobalSection(ProjectConfigurationPlatforms) = postSolution
		{F453BF16-D51A-4E57-BCC5-DEA98DBE47DF}.Debug|Any CPU.ActiveCfg = Debug|Any CPU
		{F453BF16-D51A-4E57-BCC5-DEA98DBE47DF}.Debug|Any CPU.Build.0 = Debug|Any CPU
		{F453BF16-D51A-4E57-BCC5-DEA98DBE47DF}.Release|Any CPU.ActiveCfg = Release|Any CPU
		{F453BF16-D51A-4E57-BCC5-DEA98DBE47DF}.Release|Any CPU.Build.0 = Release|Any CPU
		{C65BF29E-4BDA-4B9A-906A-5C87B5B2A1E3}.Debug|Any CPU.ActiveCfg = Debug|Any CPU
		{C65BF29E-4BDA-4B9A-906A-5C87B5B2A1E3}.Debug|Any CPU.Build.0 = Debug|Any CPU
		{C65BF29E-4BDA-4B9A-906A-5C87B5B2A1E3}.Release|Any CPU.ActiveCfg = Release|Any CPU
		{C65BF29E-4BDA-4B9A-906A-5C87B5B2A1E3}.Release|Any CPU.Build.0 = Release|Any CPU
		{84682969-071D-4577-A41D-0DF818096ADD}.Debug|Any CPU.ActiveCfg = Debug|Any CPU
		{84682969-071D-4577-A41D-0DF818096ADD}.Debug|Any CPU.Build.0 = Debug|Any CPU
		{84682969-071D-4577-A41D-0DF818096ADD}.Release|Any CPU.ActiveCfg = Release|Any CPU
		{84682969-071D-4577-A41D-0DF818096ADD}.Release|Any CPU.Build.0 = Release|Any CPU
		{CD00A8D1-6BFA-4E50-AC25-29C1EDF84D45}.Debug|Any CPU.ActiveCfg = Debug|Any CPU
		{CD00A8D1-6BFA-4E50-AC25-29C1EDF84D45}.Debug|Any CPU.Build.0 = Debug|Any CPU
		{CD00A8D1-6BFA-4E50-AC25-29C1EDF84D45}.Release|Any CPU.ActiveCfg = Release|Any CPU
		{CD00A8D1-6BFA-4E50-AC25-29C1EDF84D45}.Release|Any CPU.Build.0 = Release|Any CPU
		{0BABE5CA-52AF-4906-B36E-6CD4AB1CA4FC}.Debug|Any CPU.ActiveCfg = Debug|Any CPU
		{0BABE5CA-52AF-4906-B36E-6CD4AB1CA4FC}.Debug|Any CPU.Build.0 = Debug|Any CPU
		{0BABE5CA-52AF-4906-B36E-6CD4AB1CA4FC}.Release|Any CPU.ActiveCfg = Release|Any CPU
		{0BABE5CA-52AF-4906-B36E-6CD4AB1CA4FC}.Release|Any CPU.Build.0 = Release|Any CPU
		{869F3547-B42C-4E06-B177-41A654FDFF63}.Debug|Any CPU.ActiveCfg = Debug|Any CPU
		{869F3547-B42C-4E06-B177-41A654FDFF63}.Debug|Any CPU.Build.0 = Debug|Any CPU
		{869F3547-B42C-4E06-B177-41A654FDFF63}.Release|Any CPU.ActiveCfg = Release|Any CPU
		{869F3547-B42C-4E06-B177-41A654FDFF63}.Release|Any CPU.Build.0 = Release|Any CPU
		{E91F0830-3641-4E5E-8486-5C2878937C17}.Debug|Any CPU.ActiveCfg = Debug|Any CPU
		{E91F0830-3641-4E5E-8486-5C2878937C17}.Debug|Any CPU.Build.0 = Debug|Any CPU
		{E91F0830-3641-4E5E-8486-5C2878937C17}.Release|Any CPU.ActiveCfg = Release|Any CPU
		{E91F0830-3641-4E5E-8486-5C2878937C17}.Release|Any CPU.Build.0 = Release|Any CPU
		{207ACF87-B108-4CE1-AC9E-F7DD5273A7CC}.Debug|Any CPU.ActiveCfg = Debug|Any CPU
		{207ACF87-B108-4CE1-AC9E-F7DD5273A7CC}.Debug|Any CPU.Build.0 = Debug|Any CPU
		{207ACF87-B108-4CE1-AC9E-F7DD5273A7CC}.Release|Any CPU.ActiveCfg = Release|Any CPU
		{207ACF87-B108-4CE1-AC9E-F7DD5273A7CC}.Release|Any CPU.Build.0 = Release|Any CPU
		{58E95FDE-4001-4EEF-B5C8-0970D0A00EF9}.Debug|Any CPU.ActiveCfg = Debug|Any CPU
		{58E95FDE-4001-4EEF-B5C8-0970D0A00EF9}.Debug|Any CPU.Build.0 = Debug|Any CPU
		{58E95FDE-4001-4EEF-B5C8-0970D0A00EF9}.Release|Any CPU.ActiveCfg = Release|Any CPU
		{58E95FDE-4001-4EEF-B5C8-0970D0A00EF9}.Release|Any CPU.Build.0 = Release|Any CPU
		{DAE18A20-D2D0-4C6C-AA4B-2B6B2A08D35E}.Debug|Any CPU.ActiveCfg = Debug|Any CPU
		{DAE18A20-D2D0-4C6C-AA4B-2B6B2A08D35E}.Debug|Any CPU.Build.0 = Debug|Any CPU
		{DAE18A20-D2D0-4C6C-AA4B-2B6B2A08D35E}.Release|Any CPU.ActiveCfg = Release|Any CPU
		{DAE18A20-D2D0-4C6C-AA4B-2B6B2A08D35E}.Release|Any CPU.Build.0 = Release|Any CPU
	EndGlobalSection
	GlobalSection(SolutionProperties) = preSolution
		HideSolutionNode = FALSE
	EndGlobalSection
	GlobalSection(ExtensibilityGlobals) = postSolution
		SolutionGuid = {1A37854F-B4D6-46B3-8E1D-FC419E0284A0}
	EndGlobalSection
EndGlobal
